
Microsoft Visual Studio Solution File, Format Version 12.00
# Visual Studio Version 16
VisualStudioVersion = 16.0.31624.102
MinimumVisualStudioVersion = 10.0.40219.1
Project("{2150E333-8FDC-42A3-9474-1A3956D46DE8}") = "Services", "Services", "{FAF5227C-2163-42CB-9D70-743BC946B886}"
EndProject
Project("{2150E333-8FDC-42A3-9474-1A3956D46DE8}") = "Catalog", "Catalog", "{4E683743-9CC8-4605-A0ED-F470A9116DE6}"
	ProjectSection(SolutionItems) = preProject
		docker-compose.dcproj = docker-compose.dcproj
	EndProjectSection
EndProject
Project("{9A19103F-16F7-4668-BE54-9A1E7A4F7556}") = "Catalog.API", "Services\Catalog\Catalog.API\Catalog.API.csproj", "{C6AD6B4E-0311-49B1-BCB7-B21E56939C0F}"
EndProject
Project("{9A19103F-16F7-4668-BE54-9A1E7A4F7556}") = "Basket.API", "Services\Basket\Basket.API\Basket.API.csproj", "{6F59DC9B-6EC5-48EC-8D0A-68947419FE3B}"
EndProject
Project("{2150E333-8FDC-42A3-9474-1A3956D46DE8}") = "Basket", "Basket", "{D69E37A1-5A57-424B-A1A3-6450B6EFDC40}"
EndProject
Project("{E53339B2-1760-4266-BCC7-CA923CBCF16C}") = "docker-compose", "docker-compose.dcproj", "{52511F97-263D-493A-AB12-D415D8E84F7A}"
EndProject
Project("{2150E333-8FDC-42A3-9474-1A3956D46DE8}") = "Discount", "Discount", "{1EF5DD22-3AC1-490D-9100-0D71407569EF}"
EndProject
Project("{FAE04EC0-301F-11D3-BF4B-00C04F79EFBC}") = "Discount.API", "Services\Discont\Discount.API\Discount.API.csproj", "{7888D3BD-E6C3-4470-B149-A4DAE21F0526}"
EndProject
Global
	GlobalSection(SolutionConfigurationPlatforms) = preSolution
		Debug|Any CPU = Debug|Any CPU
		Release|Any CPU = Release|Any CPU
	EndGlobalSection
	GlobalSection(ProjectConfigurationPlatforms) = postSolution
		{C6AD6B4E-0311-49B1-BCB7-B21E56939C0F}.Debug|Any CPU.ActiveCfg = Debug|Any CPU
		{C6AD6B4E-0311-49B1-BCB7-B21E56939C0F}.Debug|Any CPU.Build.0 = Debug|Any CPU
		{C6AD6B4E-0311-49B1-BCB7-B21E56939C0F}.Release|Any CPU.ActiveCfg = Release|Any CPU
		{C6AD6B4E-0311-49B1-BCB7-B21E56939C0F}.Release|Any CPU.Build.0 = Release|Any CPU
		{6F59DC9B-6EC5-48EC-8D0A-68947419FE3B}.Debug|Any CPU.ActiveCfg = Debug|Any CPU
		{6F59DC9B-6EC5-48EC-8D0A-68947419FE3B}.Debug|Any CPU.Build.0 = Debug|Any CPU
		{6F59DC9B-6EC5-48EC-8D0A-68947419FE3B}.Release|Any CPU.ActiveCfg = Release|Any CPU
		{6F59DC9B-6EC5-48EC-8D0A-68947419FE3B}.Release|Any CPU.Build.0 = Release|Any CPU
		{52511F97-263D-493A-AB12-D415D8E84F7A}.Debug|Any CPU.ActiveCfg = Debug|Any CPU
		{52511F97-263D-493A-AB12-D415D8E84F7A}.Debug|Any CPU.Build.0 = Debug|Any CPU
		{52511F97-263D-493A-AB12-D415D8E84F7A}.Release|Any CPU.ActiveCfg = Release|Any CPU
		{52511F97-263D-493A-AB12-D415D8E84F7A}.Release|Any CPU.Build.0 = Release|Any CPU
		{7888D3BD-E6C3-4470-B149-A4DAE21F0526}.Debug|Any CPU.ActiveCfg = Debug|Any CPU
		{7888D3BD-E6C3-4470-B149-A4DAE21F0526}.Debug|Any CPU.Build.0 = Debug|Any CPU
		{7888D3BD-E6C3-4470-B149-A4DAE21F0526}.Release|Any CPU.ActiveCfg = Release|Any CPU
		{7888D3BD-E6C3-4470-B149-A4DAE21F0526}.Release|Any CPU.Build.0 = Release|Any CPU
	EndGlobalSection
	GlobalSection(SolutionProperties) = preSolution
		HideSolutionNode = FALSE
	EndGlobalSection
	GlobalSection(NestedProjects) = preSolution
		{4E683743-9CC8-4605-A0ED-F470A9116DE6} = {FAF5227C-2163-42CB-9D70-743BC946B886}
		{C6AD6B4E-0311-49B1-BCB7-B21E56939C0F} = {4E683743-9CC8-4605-A0ED-F470A9116DE6}
		{6F59DC9B-6EC5-48EC-8D0A-68947419FE3B} = {D69E37A1-5A57-424B-A1A3-6450B6EFDC40}
		{D69E37A1-5A57-424B-A1A3-6450B6EFDC40} = {FAF5227C-2163-42CB-9D70-743BC946B886}
		{1EF5DD22-3AC1-490D-9100-0D71407569EF} = {FAF5227C-2163-42CB-9D70-743BC946B886}
		{7888D3BD-E6C3-4470-B149-A4DAE21F0526} = {1EF5DD22-3AC1-490D-9100-0D71407569EF}
	EndGlobalSection
	GlobalSection(ExtensibilityGlobals) = postSolution
		SolutionGuid = {426400AE-6A51-409C-9BE1-CAE9A47F0E32}
	EndGlobalSection
EndGlobal
